
Microsoft Visual Studio Solution File, Format Version 12.00
# Visual Studio Version 17
VisualStudioVersion = 17.5.002.0
MinimumVisualStudioVersion = 10.0.40219.1
Project("{9A19103F-16F7-4668-BE54-9A1E7A4F7556}") = "TodoList.Core", "TodoList.Core\TodoList.Core.csproj", "{E2706BE1-5CCD-48A8-8112-A35A0441D7C5}"
EndProject
Global
	GlobalSection(SolutionConfigurationPlatforms) = preSolution
		Debug|Any CPU = Debug|Any CPU
		Release|Any CPU = Release|Any CPU
	EndGlobalSection
	GlobalSection(ProjectConfigurationPlatforms) = postSolution
		{E2706BE1-5CCD-48A8-8112-A35A0441D7C5}.Debug|Any CPU.ActiveCfg = Debug|Any CPU
		{E2706BE1-5CCD-48A8-8112-A35A0441D7C5}.Debug|Any CPU.Build.0 = Debug|Any CPU
		{E2706BE1-5CCD-48A8-8112-A35A0441D7C5}.Release|Any CPU.ActiveCfg = Release|Any CPU
		{E2706BE1-5CCD-48A8-8112-A35A0441D7C5}.Release|Any CPU.Build.0 = Release|Any CPU
	EndGlobalSection
	GlobalSection(SolutionProperties) = preSolution
		HideSolutionNode = FALSE
	EndGlobalSection
	GlobalSection(ExtensibilityGlobals) = postSolution
		SolutionGuid = {7B3DC49A-0D0D-44A9-B43D-AAACB0E61EBF}
	EndGlobalSection
EndGlobal
